
Microsoft Visual Studio Solution File, Format Version 12.00
# Visual Studio Version 17
VisualStudioVersion = 17.14.36327.8
MinimumVisualStudioVersion = 10.0.40219.1
Project("{FAE04EC0-301F-11D3-BF4B-00C04F79EFBC}") = "S13-EXAMENPRACTICO", "S13-EXAMENPRACTICO\S13-EXAMENPRACTICO.csproj", "{AA37F50A-7EC5-46E2-A2BB-C2C48520473B}"
EndProject
Project("{FAE04EC0-301F-11D3-BF4B-00C04F79EFBC}") = "ClassLibrary1", "ClassLibrary1\ClassLibrary1.csproj", "{F433CE5E-8CD6-4AB2-A643-D46EEA2F5B5F}"
EndProject
Global
	GlobalSection(SolutionConfigurationPlatforms) = preSolution
		Debug|Any CPU = Debug|Any CPU
		Release|Any CPU = Release|Any CPU
	EndGlobalSection
	GlobalSection(ProjectConfigurationPlatforms) = postSolution
		{AA37F50A-7EC5-46E2-A2BB-C2C48520473B}.Debug|Any CPU.ActiveCfg = Debug|Any CPU
		{AA37F50A-7EC5-46E2-A2BB-C2C48520473B}.Debug|Any CPU.Build.0 = Debug|Any CPU
		{AA37F50A-7EC5-46E2-A2BB-C2C48520473B}.Release|Any CPU.ActiveCfg = Release|Any CPU
		{AA37F50A-7EC5-46E2-A2BB-C2C48520473B}.Release|Any CPU.Build.0 = Release|Any CPU
		{F433CE5E-8CD6-4AB2-A643-D46EEA2F5B5F}.Debug|Any CPU.ActiveCfg = Debug|Any CPU
		{F433CE5E-8CD6-4AB2-A643-D46EEA2F5B5F}.Debug|Any CPU.Build.0 = Debug|Any CPU
		{F433CE5E-8CD6-4AB2-A643-D46EEA2F5B5F}.Release|Any CPU.ActiveCfg = Release|Any CPU
		{F433CE5E-8CD6-4AB2-A643-D46EEA2F5B5F}.Release|Any CPU.Build.0 = Release|Any CPU
	EndGlobalSection
	GlobalSection(SolutionProperties) = preSolution
		HideSolutionNode = FALSE
	EndGlobalSection
	GlobalSection(ExtensibilityGlobals) = postSolution
		SolutionGuid = {BFF4C9E7-3CE6-42E0-9770-30891F7C93FA}
	EndGlobalSection
EndGlobal
